
Microsoft Visual Studio Solution File, Format Version 12.00
# Visual Studio Version 17
VisualStudioVersion = 17.11.35327.3
MinimumVisualStudioVersion = 10.0.40219.1
Project("{FAE04EC0-301F-11D3-BF4B-00C04F79EFBC}") = "ApiProject", "ApiProject\ApiProject.csproj", "{E00FBECC-5978-41BE-AF47-8CA1782D960B}"
EndProject
Global
	GlobalSection(SolutionConfigurationPlatforms) = preSolution
		Debug|Any CPU = Debug|Any CPU
		Release|Any CPU = Release|Any CPU
	EndGlobalSection
	GlobalSection(ProjectConfigurationPlatforms) = postSolution
		{E00FBECC-5978-41BE-AF47-8CA1782D960B}.Debug|Any CPU.ActiveCfg = Debug|Any CPU
		{E00FBECC-5978-41BE-AF47-8CA1782D960B}.Debug|Any CPU.Build.0 = Debug|Any CPU
		{E00FBECC-5978-41BE-AF47-8CA1782D960B}.Release|Any CPU.ActiveCfg = Release|Any CPU
		{E00FBECC-5978-41BE-AF47-8CA1782D960B}.Release|Any CPU.Build.0 = Release|Any CPU
	EndGlobalSection
	GlobalSection(SolutionProperties) = preSolution
		HideSolutionNode = FALSE
	EndGlobalSection
	GlobalSection(ExtensibilityGlobals) = postSolution
		SolutionGuid = {B41B5966-8067-4336-AD91-23DAEC938F11}
	EndGlobalSection
EndGlobal
